
Microsoft Visual Studio Solution File, Format Version 12.00
# Visual Studio Version 17
VisualStudioVersion = 17.2.32616.157
MinimumVisualStudioVersion = 10.0.40219.1
Project("{FAE04EC0-301F-11D3-BF4B-00C04F79EFBC}") = "api", "api\api.csproj", "{FD993FFB-1953-4308-8EA8-B8D7A0E0C41B}"
EndProject
Project("{FAE04EC0-301F-11D3-BF4B-00C04F79EFBC}") = "application", "application\application.csproj", "{B7F72BFE-A95D-4C67-B1D9-28EFC21EC06F}"
EndProject
Project("{FAE04EC0-301F-11D3-BF4B-00C04F79EFBC}") = "persistence", "persistence\persistence.csproj", "{A93EFFC8-98E2-438C-A5A7-2D2F438DA0D7}"
EndProject
Project("{FAE04EC0-301F-11D3-BF4B-00C04F79EFBC}") = "domain", "domain\domain.csproj", "{74AF63F1-7D95-4BAD-997F-738097E078A2}"
EndProject
Global
	GlobalSection(SolutionConfigurationPlatforms) = preSolution
		Debug|Any CPU = Debug|Any CPU
		Release|Any CPU = Release|Any CPU
	EndGlobalSection
	GlobalSection(ProjectConfigurationPlatforms) = postSolution
		{FD993FFB-1953-4308-8EA8-B8D7A0E0C41B}.Debug|Any CPU.ActiveCfg = Debug|Any CPU
		{FD993FFB-1953-4308-8EA8-B8D7A0E0C41B}.Debug|Any CPU.Build.0 = Debug|Any CPU
		{FD993FFB-1953-4308-8EA8-B8D7A0E0C41B}.Release|Any CPU.ActiveCfg = Release|Any CPU
		{FD993FFB-1953-4308-8EA8-B8D7A0E0C41B}.Release|Any CPU.Build.0 = Release|Any CPU
		{B7F72BFE-A95D-4C67-B1D9-28EFC21EC06F}.Debug|Any CPU.ActiveCfg = Debug|Any CPU
		{B7F72BFE-A95D-4C67-B1D9-28EFC21EC06F}.Debug|Any CPU.Build.0 = Debug|Any CPU
		{B7F72BFE-A95D-4C67-B1D9-28EFC21EC06F}.Release|Any CPU.ActiveCfg = Release|Any CPU
		{B7F72BFE-A95D-4C67-B1D9-28EFC21EC06F}.Release|Any CPU.Build.0 = Release|Any CPU
		{A93EFFC8-98E2-438C-A5A7-2D2F438DA0D7}.Debug|Any CPU.ActiveCfg = Debug|Any CPU
		{A93EFFC8-98E2-438C-A5A7-2D2F438DA0D7}.Debug|Any CPU.Build.0 = Debug|Any CPU
		{A93EFFC8-98E2-438C-A5A7-2D2F438DA0D7}.Release|Any CPU.ActiveCfg = Release|Any CPU
		{A93EFFC8-98E2-438C-A5A7-2D2F438DA0D7}.Release|Any CPU.Build.0 = Release|Any CPU
		{74AF63F1-7D95-4BAD-997F-738097E078A2}.Debug|Any CPU.ActiveCfg = Debug|Any CPU
		{74AF63F1-7D95-4BAD-997F-738097E078A2}.Debug|Any CPU.Build.0 = Debug|Any CPU
		{74AF63F1-7D95-4BAD-997F-738097E078A2}.Release|Any CPU.ActiveCfg = Release|Any CPU
		{74AF63F1-7D95-4BAD-997F-738097E078A2}.Release|Any CPU.Build.0 = Release|Any CPU
	EndGlobalSection
	GlobalSection(SolutionProperties) = preSolution
		HideSolutionNode = FALSE
	EndGlobalSection
	GlobalSection(ExtensibilityGlobals) = postSolution
		SolutionGuid = {6119649B-5C1E-4D53-8E3F-BDC63A8BA6BB}
	EndGlobalSection
EndGlobal
